# THIS IS AN AUTOGENERATED FILE. DO NOT EDIT THIS FILE DIRECTLY.
# yarn lockfile v1


"@slack/logger@^3.0.0":
  version "3.0.0"
  resolved "https://registry.yarnpkg.com/@slack/logger/-/logger-3.0.0.tgz#b736d4e1c112c22a10ffab0c2d364620aedcb714"
  integrity sha512-DTuBFbqu4gGfajREEMrkq5jBhcnskinhr4+AnfJEk48zhVeEv3XnUKGIX98B74kxhYsIMfApGGySTn7V3b5yBA==
  dependencies:
    "@types/node" ">=12.0.0"

"@slack/types@^2.0.0":
  version "2.4.0"
  resolved "https://registry.yarnpkg.com/@slack/types/-/types-2.4.0.tgz#b6f6d50e9181f723080b841302e089739cef512d"
  integrity sha512-0k8UlVEH9gUVwTbwcanS1JT2vCROkr1WESgdXW7d2maWYTuwbVEx87YvXPjsemAJfdu+RYqxGhO2oGTigprepA==

"@slack/web-api@^6.7.0":
  version "6.7.0"
  resolved "https://registry.yarnpkg.com/@slack/web-api/-/web-api-6.7.0.tgz#86e326d84a41aea1a1d12394d1eb94f95bbb584e"
  integrity sha512-Jd0ZC/aolkdeM2m3j0SYASlzoUe1AWgm19eDkmGjfli6CzoW1benYHqgMh1owS7+gLfe4FEILtE0fyVDZjgmGQ==
  dependencies:
    "@slack/logger" "^3.0.0"
    "@slack/types" "^2.0.0"
    "@types/is-stream" "^1.1.0"
    "@types/node" ">=12.0.0"
    axios "^0.25.0"
    eventemitter3 "^3.1.0"
    form-data "^2.5.0"
    is-electron "2.2.0"
    is-stream "^1.1.0"
    p-queue "^6.6.1"
    p-retry "^4.0.0"

"@types/is-stream@^1.1.0":
  version "1.1.0"
  resolved "https://registry.yarnpkg.com/@types/is-stream/-/is-stream-1.1.0.tgz#b84d7bb207a210f2af9bed431dc0fbe9c4143be1"
  integrity sha512-jkZatu4QVbR60mpIzjINmtS1ZF4a/FqdTUTBeQDVOQ2PYyidtwFKr0B5G6ERukKwliq+7mIXvxyppwzG5EgRYg==
  dependencies:
    "@types/node" "*"

"@types/node@*", "@types/node@>=12.0.0", "@types/node@^17.0.21":
  version "17.0.21"
  resolved "https://registry.yarnpkg.com/@types/node/-/node-17.0.21.tgz#864b987c0c68d07b4345845c3e63b75edd143644"
  integrity sha512-DBZCJbhII3r90XbQxI8Y9IjjiiOGlZ0Hr32omXIZvwwZ7p4DMMXGrKXVyPfuoBOri9XNtL0UK69jYIBIsRX3QQ==

"@types/retry@^0.12.0":
  version "0.12.1"
  resolved "https://registry.yarnpkg.com/@types/retry/-/retry-0.12.1.tgz#d8f1c0d0dc23afad6dc16a9e993a0865774b4065"
  integrity sha512-xoDlM2S4ortawSWORYqsdU+2rxdh4LRW9ytc3zmT37RIKQh6IHyKwwtKhKis9ah8ol07DCkZxPt8BBvPjC6v4g==

"@types/ws@^8.5.1":
  version "8.5.1"
  resolved "https://registry.yarnpkg.com/@types/ws/-/ws-8.5.1.tgz#79136958b48bc73d5165f286707ceb9f04471599"
  integrity sha512-UxlLOfkuQnT2YSBCNq0x86SGOUxas6gAySFeDe2DcnEnA8655UIPoCDorWZCugcvKIL8IUI4oueUfJ1hhZSE2A==
  dependencies:
    "@types/node" "*"

asynckit@^0.4.0:
  version "0.4.0"
  resolved "https://registry.yarnpkg.com/asynckit/-/asynckit-0.4.0.tgz#c79ed97f7f34cb8f2ba1bc9790bcc366474b4b79"
  integrity sha1-x57Zf380y48robyXkLzDZkdLS3k=

axios@^0.25.0:
  version "0.25.0"
  resolved "https://registry.yarnpkg.com/axios/-/axios-0.25.0.tgz#349cfbb31331a9b4453190791760a8d35b093e0a"
  integrity sha512-cD8FOb0tRH3uuEe6+evtAbgJtfxr7ly3fQjYcMcuPlgkwVS9xboaVIpcDV+cYQe+yGykgwZCs1pzjntcGa6l5g==
  dependencies:
    follow-redirects "^1.14.7"

combined-stream@^1.0.6:
  version "1.0.8"
  resolved "https://registry.yarnpkg.com/combined-stream/-/combined-stream-1.0.8.tgz#c3d45a8b34fd730631a110a8a2520682b31d5a7f"
  integrity sha512-FQN4MRfuJeHf7cBbBMJFXhKSDq+2kAArBlmRBvcvFE5BB1HZKXtSFASDhdlz9zOYwxh8lDdnvmMOe/+5cdoEdg==
  dependencies:
    delayed-stream "~1.0.0"

data-uri-to-buffer@^4.0.0:
  version "4.0.0"
  resolved "https://registry.yarnpkg.com/data-uri-to-buffer/-/data-uri-to-buffer-4.0.0.tgz#b5db46aea50f6176428ac05b73be39a57701a64b"
  integrity sha512-Vr3mLBA8qWmcuschSLAOogKgQ/Jwxulv3RNE4FXnYWRGujzrRWQI4m12fQqRkwX06C0KanhLr4hK+GydchZsaA==

delayed-stream@~1.0.0:
  version "1.0.0"
  resolved "https://registry.yarnpkg.com/delayed-stream/-/delayed-stream-1.0.0.tgz#df3ae199acadfb7d440aaae0b29e2272b24ec619"
  integrity sha1-3zrhmayt+31ECqrgsp4icrJOxhk=

dotenv@^16.0.0:
  version "16.0.0"
  resolved "https://registry.yarnpkg.com/dotenv/-/dotenv-16.0.0.tgz#c619001253be89ebb638d027b609c75c26e47411"
  integrity sha512-qD9WU0MPM4SWLPJy/r2Be+2WgQj8plChsyrCNQzW/0WjvcJQiKQJ9mH3ZgB3fxbUUxgc/11ZJ0Fi5KiimWGz2Q==

eventemitter3@^3.1.0:
  version "3.1.2"
  resolved "https://registry.yarnpkg.com/eventemitter3/-/eventemitter3-3.1.2.tgz#2d3d48f9c346698fce83a85d7d664e98535df6e7"
  integrity sha512-tvtQIeLVHjDkJYnzf2dgVMxfuSGJeM/7UCG17TT4EumTfNtF+0nebF/4zWOIkCreAbtNqhGEboB6BWrwqNaw4Q==

eventemitter3@^4.0.4:
  version "4.0.7"
  resolved "https://registry.yarnpkg.com/eventemitter3/-/eventemitter3-4.0.7.tgz#2de9b68f6528d5644ef5c59526a1b4a07306169f"
  integrity sha512-8guHBZCwKnFhYdHr2ysuRWErTwhoN2X8XELRlrRwpmfeY2jjuUN4taQMsULKUVo1K4DvZl+0pgfyoysHxvmvEw==

fetch-blob@^3.1.2, fetch-blob@^3.1.4:
  version "3.1.4"
  resolved "https://registry.yarnpkg.com/fetch-blob/-/fetch-blob-3.1.4.tgz#e8c6567f80ad7fc22fd302e7dcb72bafde9c1717"
  integrity sha512-Eq5Xv5+VlSrYWEqKrusxY1C3Hm/hjeAsCGVG3ft7pZahlUAChpGZT/Ms1WmSLnEAisEXszjzu/s+ce6HZB2VHA==
  dependencies:
    node-domexception "^1.0.0"
    web-streams-polyfill "^3.0.3"

follow-redirects@^1.14.7:
  version "1.14.9"
  resolved "https://registry.yarnpkg.com/follow-redirects/-/follow-redirects-1.14.9.tgz#dd4ea157de7bfaf9ea9b3fbd85aa16951f78d8d7"
  integrity sha512-MQDfihBQYMcyy5dhRDJUHcw7lb2Pv/TuE6xP1vyraLukNDHKbDxDNaOE3NbCAdKQApno+GPRyo1YAp89yCjK4w==

form-data@^2.5.0:
  version "2.5.1"
  resolved "https://registry.yarnpkg.com/form-data/-/form-data-2.5.1.tgz#f2cbec57b5e59e23716e128fe44d4e5dd23895f4"
  integrity sha512-m21N3WOmEEURgk6B9GLOE4RuWOFf28Lhh9qGYeNlGq4VDXUlJy2th2slBNU8Gp8EzloYZOibZJ7t5ecIrFSjVA==
  dependencies:
    asynckit "^0.4.0"
    combined-stream "^1.0.6"
    mime-types "^2.1.12"

formdata-polyfill@^4.0.10:
  version "4.0.10"
  resolved "https://registry.yarnpkg.com/formdata-polyfill/-/formdata-polyfill-4.0.10.tgz#24807c31c9d402e002ab3d8c720144ceb8848423"
  integrity sha512-buewHzMvYL29jdeQTVILecSaZKnt/RJWjoZCF5OW60Z67/GmSLBkOFM7qh1PI3zFNtJbaZL5eQu1vLfazOwj4g==
  dependencies:
    fetch-blob "^3.1.2"

is-electron@2.2.0:
  version "2.2.0"
  resolved "https://registry.yarnpkg.com/is-electron/-/is-electron-2.2.0.tgz#8943084f09e8b731b3a7a0298a7b5d56f6b7eef0"
  integrity sha512-SpMppC2XR3YdxSzczXReBjqs2zGscWQpBIKqwXYBFic0ERaxNVgwLCHwOLZeESfdJQjX0RDvrJ1lBXX2ij+G1Q==

is-stream@^1.1.0:
  version "1.1.0"
  resolved "https://registry.yarnpkg.com/is-stream/-/is-stream-1.1.0.tgz#12d4a3dd4e68e0b79ceb8dbc84173ae80d91ca44"
  integrity sha1-EtSj3U5o4Lec6428hBc66A2RykQ=

mime-db@1.51.0:
  version "1.51.0"
  resolved "https://registry.yarnpkg.com/mime-db/-/mime-db-1.51.0.tgz#d9ff62451859b18342d960850dc3cfb77e63fb0c"
  integrity sha512-5y8A56jg7XVQx2mbv1lu49NR4dokRnhZYTtL+KGfaa27uq4pSTXkwQkFJl4pkRMyNFz/EtYDSkiiEHx3F7UN6g==

mime-types@^2.1.12:
  version "2.1.34"
  resolved "https://registry.yarnpkg.com/mime-types/-/mime-types-2.1.34.tgz#5a712f9ec1503511a945803640fafe09d3793c24"
  integrity sha512-6cP692WwGIs9XXdOO4++N+7qjqv0rqxxVvJ3VHPh/Sc9mVZcQP+ZGhkKiTvWMQRr2tbHkJP/Yn7Y0npb3ZBs4A==
  dependencies:
    mime-db "1.51.0"

node-domexception@^1.0.0:
  version "1.0.0"
  resolved "https://registry.yarnpkg.com/node-domexception/-/node-domexception-1.0.0.tgz#6888db46a1f71c0b76b3f7555016b63fe64766e5"
  integrity sha512-/jKZoMpw0F8GRwl4/eLROPA3cfcXtLApP0QzLmUT/HuPCZWyB7IY9ZrMeKw2O/nFIqPQB3PVM9aYm0F312AXDQ==

node-fetch@^3.2.0:
  version "3.2.0"
  resolved "https://registry.yarnpkg.com/node-fetch/-/node-fetch-3.2.0.tgz#59390db4e489184fa35d4b74caf5510e8dfbaf3b"
  integrity sha512-8xeimMwMItMw8hRrOl3C9/xzU49HV/yE6ORew/l+dxWimO5A4Ra8ld2rerlJvc/O7et5Z1zrWsPX43v1QBjCxw==
  dependencies:
    data-uri-to-buffer "^4.0.0"
    fetch-blob "^3.1.4"
    formdata-polyfill "^4.0.10"

p-finally@^1.0.0:
  version "1.0.0"
  resolved "https://registry.yarnpkg.com/p-finally/-/p-finally-1.0.0.tgz#3fbcfb15b899a44123b34b6dcc18b724336a2cae"
  integrity sha1-P7z7FbiZpEEjs0ttzBi3JDNqLK4=

p-queue@^6.6.1:
  version "6.6.2"
  resolved "https://registry.yarnpkg.com/p-queue/-/p-queue-6.6.2.tgz#2068a9dcf8e67dd0ec3e7a2bcb76810faa85e426"
  integrity sha512-RwFpb72c/BhQLEXIZ5K2e+AhgNVmIejGlTgiB9MzZ0e93GRvqZ7uSi0dvRF7/XIXDeNkra2fNHBxTyPDGySpjQ==
  dependencies:
    eventemitter3 "^4.0.4"
    p-timeout "^3.2.0"

p-retry@^4.0.0:
  version "4.6.1"
  resolved "https://registry.yarnpkg.com/p-retry/-/p-retry-4.6.1.tgz#8fcddd5cdf7a67a0911a9cf2ef0e5df7f602316c"
  integrity sha512-e2xXGNhZOZ0lfgR9kL34iGlU8N/KO0xZnQxVEwdeOvpqNDQfdnxIYizvWtK8RglUa3bGqI8g0R/BdfzLMxRkiA==
  dependencies:
    "@types/retry" "^0.12.0"
    retry "^0.13.1"

p-timeout@^3.2.0:
  version "3.2.0"
  resolved "https://registry.yarnpkg.com/p-timeout/-/p-timeout-3.2.0.tgz#c7e17abc971d2a7962ef83626b35d635acf23dfe"
  integrity sha512-rhIwUycgwwKcP9yTOOFK/AKsAopjjCakVqLHePO3CC6Mir1Z99xT+R63jZxAT5lFZLa2inS5h+ZS2GvR99/FBg==
  dependencies:
    p-finally "^1.0.0"

retry@^0.13.1:
  version "0.13.1"
  resolved "https://registry.yarnpkg.com/retry/-/retry-0.13.1.tgz#185b1587acf67919d63b357349e03537b2484658"
  integrity sha512-XQBQ3I8W1Cge0Seh+6gjj03LbmRFWuoszgK9ooCpwYIrhhoO80pfq4cUkU5DkknwfOfFteRwlZ56PYOGYyFWdg==

tslib@^2.3.1:
  version "2.3.1"
  resolved "https://registry.yarnpkg.com/tslib/-/tslib-2.3.1.tgz#e8a335add5ceae51aa261d32a490158ef042ef01"
  integrity sha512-77EbyPPpMz+FRFRuAFlWMtmgUWGe9UOG2Z25NqCwiIjRhOf5iKGuzSe5P2w1laq+FkRy4p+PCuVkJSGkzTEKVw==

typescript@^4.5.5:
  version "4.5.5"
  resolved "https://registry.yarnpkg.com/typescript/-/typescript-4.5.5.tgz#d8c953832d28924a9e3d37c73d729c846c5896f3"
  integrity sha512-TCTIul70LyWe6IJWT8QSYeA54WQe8EjQFU4wY52Fasj5UKx88LNYKCgBEHcOMOrFF1rKGbD8v/xcNWVUq9SymA==

web-streams-polyfill@^3.0.3:
  version "3.2.0"
  resolved "https://registry.yarnpkg.com/web-streams-polyfill/-/web-streams-polyfill-3.2.0.tgz#a6b74026b38e4885869fb5c589e90b95ccfc7965"
  integrity sha512-EqPmREeOzttaLRm5HS7io98goBgZ7IVz79aDvqjD0kYXLtFZTc0T/U6wHTPKyIjb+MdN7DFIIX6hgdBEpWmfPA==

ws@^8.5.0:
  version "8.5.0"
  resolved "https://registry.yarnpkg.com/ws/-/ws-8.5.0.tgz#bfb4be96600757fe5382de12c670dab984a1ed4f"
  integrity sha512-BWX0SWVgLPzYwF8lTzEy1egjhS4S4OEAHfsO8o65WOVsrnSRGaSiUaa9e0ggGlkMTtBlmOpEXiie9RUcBO86qg==
